
Microsoft Visual Studio Solution File, Format Version 12.00
# Visual Studio Version 17
VisualStudioVersion = 17.4.33213.308
MinimumVisualStudioVersion = 10.0.40219.1
Project("{9A19103F-16F7-4668-BE54-9A1E7A4F7556}") = "FUT-23-LATEST-NEWS.API", "FUT-23-LATEST-NEWS.API\FUT-23-LATEST-NEWS.API.csproj", "{1DBC40ED-3192-4E2F-8E18-590EF300662A}"
EndProject
Project("{9A19103F-16F7-4668-BE54-9A1E7A4F7556}") = "FUT-23-LATEST-NEWS.FeedFetcher", "FUT-23-LATEST-NEWS.FeedFetcher\FUT-23-LATEST-NEWS.FeedFetcher.csproj", "{1A6FE5FE-6569-4D46-A50B-A34BC521A561}"
EndProject
Project("{9A19103F-16F7-4668-BE54-9A1E7A4F7556}") = "FUT-23-LATEST-NEWS.Notifier", "FUT-23-LATEST-NEWS.Notifier\FUT-23-LATEST-NEWS.Notifier.csproj", "{2FF3F473-FFC0-4609-8220-9BE0C7595D0B}"
EndProject
Project("{FAE04EC0-301F-11D3-BF4B-00C04F79EFBC}") = "FUT-23-LATEST-NEWS.Infrastructure", "FUT-23-LATEST-NEWS.Infrastructure\FUT-23-LATEST-NEWS.Infrastructure.csproj", "{55EFAA26-9E07-4429-9CF8-D071C15E1FBD}"
EndProject
Global
	GlobalSection(SolutionConfigurationPlatforms) = preSolution
		Debug|Any CPU = Debug|Any CPU
		Release|Any CPU = Release|Any CPU
	EndGlobalSection
	GlobalSection(ProjectConfigurationPlatforms) = postSolution
		{1DBC40ED-3192-4E2F-8E18-590EF300662A}.Debug|Any CPU.ActiveCfg = Debug|Any CPU
		{1DBC40ED-3192-4E2F-8E18-590EF300662A}.Debug|Any CPU.Build.0 = Debug|Any CPU
		{1DBC40ED-3192-4E2F-8E18-590EF300662A}.Release|Any CPU.ActiveCfg = Release|Any CPU
		{1DBC40ED-3192-4E2F-8E18-590EF300662A}.Release|Any CPU.Build.0 = Release|Any CPU
		{1A6FE5FE-6569-4D46-A50B-A34BC521A561}.Debug|Any CPU.ActiveCfg = Debug|Any CPU
		{1A6FE5FE-6569-4D46-A50B-A34BC521A561}.Debug|Any CPU.Build.0 = Debug|Any CPU
		{1A6FE5FE-6569-4D46-A50B-A34BC521A561}.Release|Any CPU.ActiveCfg = Release|Any CPU
		{1A6FE5FE-6569-4D46-A50B-A34BC521A561}.Release|Any CPU.Build.0 = Release|Any CPU
		{2FF3F473-FFC0-4609-8220-9BE0C7595D0B}.Debug|Any CPU.ActiveCfg = Debug|Any CPU
		{2FF3F473-FFC0-4609-8220-9BE0C7595D0B}.Debug|Any CPU.Build.0 = Debug|Any CPU
		{2FF3F473-FFC0-4609-8220-9BE0C7595D0B}.Release|Any CPU.ActiveCfg = Release|Any CPU
		{2FF3F473-FFC0-4609-8220-9BE0C7595D0B}.Release|Any CPU.Build.0 = Release|Any CPU
		{55EFAA26-9E07-4429-9CF8-D071C15E1FBD}.Debug|Any CPU.ActiveCfg = Debug|Any CPU
		{55EFAA26-9E07-4429-9CF8-D071C15E1FBD}.Debug|Any CPU.Build.0 = Debug|Any CPU
		{55EFAA26-9E07-4429-9CF8-D071C15E1FBD}.Release|Any CPU.ActiveCfg = Release|Any CPU
		{55EFAA26-9E07-4429-9CF8-D071C15E1FBD}.Release|Any CPU.Build.0 = Release|Any CPU
	EndGlobalSection
	GlobalSection(SolutionProperties) = preSolution
		HideSolutionNode = FALSE
	EndGlobalSection
	GlobalSection(ExtensibilityGlobals) = postSolution
		SolutionGuid = {7BE6B6F0-693E-4DB1-8A53-9AB65AC3A752}
	EndGlobalSection
EndGlobal
